
Microsoft Visual Studio Solution File, Format Version 12.00
# Visual Studio Version 16
VisualStudioVersion = 16.0.30523.141
MinimumVisualStudioVersion = 10.0.40219.1
Project("{FAE04EC0-301F-11D3-BF4B-00C04F79EFBC}") = "ResourceManagement", "ResourceManagement.csproj", "{24FED2E1-1A7F-4992-8472-3B0293BF05CE}"
EndProject
Global
	GlobalSection(SolutionConfigurationPlatforms) = preSolution
		Debug|Any CPU = Debug|Any CPU
		Release|Any CPU = Release|Any CPU
	EndGlobalSection
	GlobalSection(ProjectConfigurationPlatforms) = postSolution
		{24FED2E1-1A7F-4992-8472-3B0293BF05CE}.Debug|Any CPU.ActiveCfg = Debug|Any CPU
		{24FED2E1-1A7F-4992-8472-3B0293BF05CE}.Debug|Any CPU.Build.0 = Debug|Any CPU
		{24FED2E1-1A7F-4992-8472-3B0293BF05CE}.Release|Any CPU.ActiveCfg = Release|Any CPU
		{24FED2E1-1A7F-4992-8472-3B0293BF05CE}.Release|Any CPU.Build.0 = Release|Any CPU
	EndGlobalSection
	GlobalSection(SolutionProperties) = preSolution
		HideSolutionNode = FALSE
	EndGlobalSection
	GlobalSection(ExtensibilityGlobals) = postSolution
		SolutionGuid = {87156B30-327E-45F6-A9A9-AB9CE7B59381}
	EndGlobalSection
EndGlobal
